
Microsoft Visual Studio Solution File, Format Version 12.00
# Visual Studio Version 17
VisualStudioVersion = 17.0.31521.260
MinimumVisualStudioVersion = 10.0.40219.1
Project("{6EC3EE1D-3C4E-46DD-8F32-0CC8E7565705}") = "DynamicObj", "src\DynamicObj\DynamicObj.fsproj", "{B8BF1554-AAC3-434E-9502-FC83B43F3704}"
EndProject
Project("{2150E333-8FDC-42A3-9474-1A3956D46DE8}") = "build", "build", "{39AA72A1-A628-481B-A2B5-94E2BD163061}"
	ProjectSection(SolutionItems) = preProject
		build.cmd = build.cmd
		build.sh = build.sh
	EndProjectSection
EndProject
Project("{2150E333-8FDC-42A3-9474-1A3956D46DE8}") = ".ci", ".ci", "{F82A6F26-517C-4D5E-BD4F-BFC45B5867FE}"
	ProjectSection(SolutionItems) = preProject
		.github\workflows\build-and-deploy-docs.yml = .github\workflows\build-and-deploy-docs.yml
		.github\workflows\build-and-test.yml = .github\workflows\build-and-test.yml
	EndProjectSection
EndProject
Project("{2150E333-8FDC-42A3-9474-1A3956D46DE8}") = ".proj", ".proj", "{C3CF2F15-81C7-4C11-889E-5FCA2C8A981D}"
	ProjectSection(SolutionItems) = preProject
		.gitignore = .gitignore
		.config\dotnet-tools.json = .config\dotnet-tools.json
		global.json = global.json
		key.snk = key.snk
		LICENSE = LICENSE
		package.json = package.json
		pyproject.toml = pyproject.toml
		README.md = README.md
		RELEASE_NOTES.md = RELEASE_NOTES.md
	EndProjectSection
EndProject
Project("{2150E333-8FDC-42A3-9474-1A3956D46DE8}") = "docs", "docs", "{42AA66FC-8928-4029-BF41-52C1B49DEEDF}"
	ProjectSection(SolutionItems) = preProject
		docs\content\fsdocs-custom.css = docs\content\fsdocs-custom.css
		docs\index.fsx = docs\index.fsx
		docs\_template.fsx = docs\_template.fsx
		docs\_template.html = docs\_template.html
		docs\_template.ipynb = docs\_template.ipynb
	EndProjectSection
EndProject
Project("{9A19103F-16F7-4668-BE54-9A1E7A4F7556}") = "CSharpTests", "tests\CSharpTests\CSharpTests.csproj", "{D62D0901-DB69-4C64-AC63-FBBBDCF6BC7D}"
EndProject
Project("{2150E333-8FDC-42A3-9474-1A3956D46DE8}") = "tests", "tests", "{988D804A-3A42-4E46-B233-B64F5C22524B}"
EndProject
Project("{6EC3EE1D-3C4E-46DD-8F32-0CC8E7565705}") = "build", "build\build.fsproj", "{C73AB951-91F2-4668-B2E0-B58298E5F664}"
EndProject
Project("{6EC3EE1D-3C4E-46DD-8F32-0CC8E7565705}") = "DynamicObj.Immutable", "src\DynamicObj.Immutable\DynamicObj.Immutable.fsproj", "{5E7DAC28-7752-4209-B3BB-6DCE54C28AD8}"
EndProject
Project("{6EC3EE1D-3C4E-46DD-8F32-0CC8E7565705}") = "DynamicObject.Tests", "tests\DynamicObject.Tests\DynamicObject.Tests.fsproj", "{39192F2D-164B-4905-A7D7-5C5B0FFCD2BB}"
EndProject
Project("{6EC3EE1D-3C4E-46DD-8F32-0CC8E7565705}") = "DynamicObject.Immutable.Tests", "tests\DynamicObject.Immutable.Tests\DynamicObject.Immutable.Tests.fsproj", "{0F6A539F-82D2-4BDC-8BF0-F2D261873B92}"
EndProject
Global
	GlobalSection(SolutionConfigurationPlatforms) = preSolution
		Debug|Any CPU = Debug|Any CPU
		Release|Any CPU = Release|Any CPU
	EndGlobalSection
	GlobalSection(ProjectConfigurationPlatforms) = postSolution
		{B8BF1554-AAC3-434E-9502-FC83B43F3704}.Debug|Any CPU.ActiveCfg = Debug|Any CPU
		{B8BF1554-AAC3-434E-9502-FC83B43F3704}.Debug|Any CPU.Build.0 = Debug|Any CPU
		{B8BF1554-AAC3-434E-9502-FC83B43F3704}.Release|Any CPU.ActiveCfg = Release|Any CPU
		{B8BF1554-AAC3-434E-9502-FC83B43F3704}.Release|Any CPU.Build.0 = Release|Any CPU
		{D62D0901-DB69-4C64-AC63-FBBBDCF6BC7D}.Debug|Any CPU.ActiveCfg = Debug|Any CPU
		{D62D0901-DB69-4C64-AC63-FBBBDCF6BC7D}.Debug|Any CPU.Build.0 = Debug|Any CPU
		{D62D0901-DB69-4C64-AC63-FBBBDCF6BC7D}.Release|Any CPU.ActiveCfg = Release|Any CPU
		{D62D0901-DB69-4C64-AC63-FBBBDCF6BC7D}.Release|Any CPU.Build.0 = Release|Any CPU
		{C73AB951-91F2-4668-B2E0-B58298E5F664}.Debug|Any CPU.ActiveCfg = Debug|Any CPU
		{C73AB951-91F2-4668-B2E0-B58298E5F664}.Debug|Any CPU.Build.0 = Debug|Any CPU
		{C73AB951-91F2-4668-B2E0-B58298E5F664}.Release|Any CPU.ActiveCfg = Release|Any CPU
		{C73AB951-91F2-4668-B2E0-B58298E5F664}.Release|Any CPU.Build.0 = Release|Any CPU
		{5E7DAC28-7752-4209-B3BB-6DCE54C28AD8}.Debug|Any CPU.ActiveCfg = Debug|Any CPU
		{5E7DAC28-7752-4209-B3BB-6DCE54C28AD8}.Debug|Any CPU.Build.0 = Debug|Any CPU
		{5E7DAC28-7752-4209-B3BB-6DCE54C28AD8}.Release|Any CPU.ActiveCfg = Release|Any CPU
		{5E7DAC28-7752-4209-B3BB-6DCE54C28AD8}.Release|Any CPU.Build.0 = Release|Any CPU
		{39192F2D-164B-4905-A7D7-5C5B0FFCD2BB}.Debug|Any CPU.ActiveCfg = Debug|Any CPU
		{39192F2D-164B-4905-A7D7-5C5B0FFCD2BB}.Debug|Any CPU.Build.0 = Debug|Any CPU
		{39192F2D-164B-4905-A7D7-5C5B0FFCD2BB}.Release|Any CPU.ActiveCfg = Release|Any CPU
		{39192F2D-164B-4905-A7D7-5C5B0FFCD2BB}.Release|Any CPU.Build.0 = Release|Any CPU
		{0F6A539F-82D2-4BDC-8BF0-F2D261873B92}.Debug|Any CPU.ActiveCfg = Debug|Any CPU
		{0F6A539F-82D2-4BDC-8BF0-F2D261873B92}.Debug|Any CPU.Build.0 = Debug|Any CPU
		{0F6A539F-82D2-4BDC-8BF0-F2D261873B92}.Release|Any CPU.ActiveCfg = Release|Any CPU
		{0F6A539F-82D2-4BDC-8BF0-F2D261873B92}.Release|Any CPU.Build.0 = Release|Any CPU
	EndGlobalSection
	GlobalSection(SolutionProperties) = preSolution
		HideSolutionNode = FALSE
	EndGlobalSection
	GlobalSection(NestedProjects) = preSolution
		{D62D0901-DB69-4C64-AC63-FBBBDCF6BC7D} = {988D804A-3A42-4E46-B233-B64F5C22524B}
		{C73AB951-91F2-4668-B2E0-B58298E5F664} = {39AA72A1-A628-481B-A2B5-94E2BD163061}
		{39192F2D-164B-4905-A7D7-5C5B0FFCD2BB} = {988D804A-3A42-4E46-B233-B64F5C22524B}
		{0F6A539F-82D2-4BDC-8BF0-F2D261873B92} = {988D804A-3A42-4E46-B233-B64F5C22524B}
	EndGlobalSection
	GlobalSection(ExtensibilityGlobals) = postSolution
		SolutionGuid = {6F5C3597-4524-4A4E-94EC-44857BD0BCEC}
	EndGlobalSection
EndGlobal
